
Microsoft Visual Studio Solution File, Format Version 12.00
# Visual Studio Version 17
VisualStudioVersion = 17.0.31919.166
MinimumVisualStudioVersion = 10.0.40219.1
Project("{FAE04EC0-301F-11D3-BF4B-00C04F79EFBC}") = "My_First_WinForm", "My_First_WinForm\My_First_WinForm.csproj", "{53085C18-D99B-4BE0-A8A7-57796CE60016}"
EndProject
Global
	GlobalSection(SolutionConfigurationPlatforms) = preSolution
		Debug|Any CPU = Debug|Any CPU
		Release|Any CPU = Release|Any CPU
	EndGlobalSection
	GlobalSection(ProjectConfigurationPlatforms) = postSolution
		{53085C18-D99B-4BE0-A8A7-57796CE60016}.Debug|Any CPU.ActiveCfg = Debug|Any CPU
		{53085C18-D99B-4BE0-A8A7-57796CE60016}.Debug|Any CPU.Build.0 = Debug|Any CPU
		{53085C18-D99B-4BE0-A8A7-57796CE60016}.Release|Any CPU.ActiveCfg = Release|Any CPU
		{53085C18-D99B-4BE0-A8A7-57796CE60016}.Release|Any CPU.Build.0 = Release|Any CPU
	EndGlobalSection
	GlobalSection(SolutionProperties) = preSolution
		HideSolutionNode = FALSE
	EndGlobalSection
	GlobalSection(ExtensibilityGlobals) = postSolution
		SolutionGuid = {F5AE547A-6745-4CB0-8EB0-9F0A4BDE6216}
	EndGlobalSection
EndGlobal
